// !$*UTF8*$!
{
	archiveVersion = 1;
	classes = {
	};
	objectVersion = 46;
	objects = {

/* Begin PBXBuildFile section */
		B80FFED11C60552A005BF9E8 /* MSAFluidDrawerBase.cpp in Sources */ = {isa = PBXBuildFile; fileRef = B80FFECA1C605529005BF9E8 /* MSAFluidDrawerBase.cpp */; settings = {ASSET_TAGS = (); }; };
		B80FFED21C60552A005BF9E8 /* MSAFluidSolver.cpp in Sources */ = {isa = PBXBuildFile; fileRef = B80FFECF1C60552A005BF9E8 /* MSAFluidSolver.cpp */; settings = {ASSET_TAGS = (); }; };
		B80FFEE91C605770005BF9E8 /* tinyxml.cpp in Sources */ = {isa = PBXBuildFile; fileRef = B80FFEE21C605770005BF9E8 /* tinyxml.cpp */; settings = {ASSET_TAGS = (); }; };
		B80FFEEA1C605770005BF9E8 /* tinyxmlerror.cpp in Sources */ = {isa = PBXBuildFile; fileRef = B80FFEE41C605770005BF9E8 /* tinyxmlerror.cpp */; settings = {ASSET_TAGS = (); }; };
		B80FFEEB1C605770005BF9E8 /* tinyxmlparser.cpp in Sources */ = {isa = PBXBuildFile; fileRef = B80FFEE51C605770005BF9E8 /* tinyxmlparser.cpp */; settings = {ASSET_TAGS = (); }; };
		B80FFEEC1C605770005BF9E8 /* ofxXmlSettings.cpp in Sources */ = {isa = PBXBuildFile; fileRef = B80FFEE71C605770005BF9E8 /* ofxXmlSettings.cpp */; settings = {ASSET_TAGS = (); }; };
		B80FFF121C60589D005BF9E8 /* ofxSimpleGuiButton.cpp in Sources */ = {isa = PBXBuildFile; fileRef = B80FFEF01C60589D005BF9E8 /* ofxSimpleGuiButton.cpp */; settings = {ASSET_TAGS = (); }; };
		B80FFF131C60589D005BF9E8 /* ofxSimpleGuiColorPicker.cpp in Sources */ = {isa = PBXBuildFile; fileRef = B80FFEF21C60589D005BF9E8 /* ofxSimpleGuiColorPicker.cpp */; settings = {ASSET_TAGS = (); }; };
		B80FFF141C60589D005BF9E8 /* ofxSimpleGuiComboBox.cpp in Sources */ = {isa = PBXBuildFile; fileRef = B80FFEF41C60589D005BF9E8 /* ofxSimpleGuiComboBox.cpp */; settings = {ASSET_TAGS = (); }; };
		B80FFF151C60589D005BF9E8 /* ofxSimpleGuiContent.cpp in Sources */ = {isa = PBXBuildFile; fileRef = B80FFEF61C60589D005BF9E8 /* ofxSimpleGuiContent.cpp */; settings = {ASSET_TAGS = (); }; };
		B80FFF161C60589D005BF9E8 /* ofxSimpleGuiFPSCounter.cpp in Sources */ = {isa = PBXBuildFile; fileRef = B80FFEF81C60589D005BF9E8 /* ofxSimpleGuiFPSCounter.cpp */; settings = {ASSET_TAGS = (); }; };
		B80FFF171C60589D005BF9E8 /* ofxSimpleGuiMovieSlider.cpp in Sources */ = {isa = PBXBuildFile; fileRef = B80FFEFA1C60589D005BF9E8 /* ofxSimpleGuiMovieSlider.cpp */; settings = {ASSET_TAGS = (); }; };
		B80FFF181C60589D005BF9E8 /* ofxSimpleGuiQuadWarp.cpp in Sources */ = {isa = PBXBuildFile; fileRef = B80FFEFC1C60589D005BF9E8 /* ofxSimpleGuiQuadWarp.cpp */; settings = {ASSET_TAGS = (); }; };
		B80FFF191C60589D005BF9E8 /* ofxSimpleGuiSlider2d.cpp in Sources */ = {isa = PBXBuildFile; fileRef = B80FFEFE1C60589D005BF9E8 /* ofxSimpleGuiSlider2d.cpp */; settings = {ASSET_TAGS = (); }; };
		B80FFF1A1C60589D005BF9E8 /* ofxSimpleGuiTitle.cpp in Sources */ = {isa = PBXBuildFile; fileRef = B80FFF031C60589D005BF9E8 /* ofxSimpleGuiTitle.cpp */; settings = {ASSET_TAGS = (); }; };
		B80FFF1B1C60589D005BF9E8 /* ofxSimpleGuiToggle.cpp in Sources */ = {isa = PBXBuildFile; fileRef = B80FFF051C60589D005BF9E8 /* ofxSimpleGuiToggle.cpp */; settings = {ASSET_TAGS = (); }; };
		B80FFF1C1C60589D005BF9E8 /* ofxSimpleGuiConfig.cpp in Sources */ = {isa = PBXBuildFile; fileRef = B80FFF071C60589D005BF9E8 /* ofxSimpleGuiConfig.cpp */; settings = {ASSET_TAGS = (); }; };
		B80FFF1D1C60589D005BF9E8 /* ofxSimpleGuiControl.cpp in Sources */ = {isa = PBXBuildFile; fileRef = B80FFF091C60589D005BF9E8 /* ofxSimpleGuiControl.cpp */; settings = {ASSET_TAGS = (); }; };
		B80FFF1E1C60589D005BF9E8 /* ofxSimpleGuiPage.cpp in Sources */ = {isa = PBXBuildFile; fileRef = B80FFF0C1C60589D005BF9E8 /* ofxSimpleGuiPage.cpp */; settings = {ASSET_TAGS = (); }; };
		B80FFF1F1C60589D005BF9E8 /* ofxSimpleGuiToo.cpp in Sources */ = {isa = PBXBuildFile; fileRef = B80FFF0E1C60589D005BF9E8 /* ofxSimpleGuiToo.cpp */; settings = {ASSET_TAGS = (); }; };
		B80FFF201C60589D005BF9E8 /* ofxSimpleGuiValueControl.cpp in Sources */ = {isa = PBXBuildFile; fileRef = B80FFF101C60589D005BF9E8 /* ofxSimpleGuiValueControl.cpp */; settings = {ASSET_TAGS = (); }; };
		B80FFF251C6058DC005BF9E8 /* ofxMSAInteractiveObject.cpp in Sources */ = {isa = PBXBuildFile; fileRef = B80FFF231C6058DC005BF9E8 /* ofxMSAInteractiveObject.cpp */; settings = {ASSET_TAGS = (); }; };
		B80FFF351C605AD7005BF9E8 /* Color.cpp in Sources */ = {isa = PBXBuildFile; fileRef = B80FFF2B1C605AD7005BF9E8 /* Color.cpp */; settings = {ASSET_TAGS = (); }; };
		B80FFF361C605AD7005BF9E8 /* MSACoreGL.cpp in Sources */ = {isa = PBXBuildFile; fileRef = B80FFF321C605AD7005BF9E8 /* MSACoreGL.cpp */; settings = {ASSET_TAGS = (); }; };
		B82F074A1C719E2100E6AA54 /* main.cpp in Sources */ = {isa = PBXBuildFile; fileRef = B82F07431C719E2100E6AA54 /* main.cpp */; settings = {ASSET_TAGS = (); }; };
		B82F074B1C719E2100E6AA54 /* msaFluidParticlesApp.cpp in Sources */ = {isa = PBXBuildFile; fileRef = B82F07441C719E2100E6AA54 /* msaFluidParticlesApp.cpp */; settings = {ASSET_TAGS = (); }; };
		B82F074C1C719E2100E6AA54 /* Particle.cpp in Sources */ = {isa = PBXBuildFile; fileRef = B82F07461C719E2100E6AA54 /* Particle.cpp */; settings = {ASSET_TAGS = (); }; };
		B82F074D1C719E2100E6AA54 /* ParticleSystem.cpp in Sources */ = {isa = PBXBuildFile; fileRef = B82F07481C719E2100E6AA54 /* ParticleSystem.cpp */; settings = {ASSET_TAGS = (); }; };
		B8D566311C6046F500BD993A /* OpenCL.framework in Frameworks */ = {isa = PBXBuildFile; fileRef = B8D566301C6046F500BD993A /* OpenCL.framework */; };
		BBAB23CB13894F3D00AA2426 /* GLUT.framework in CopyFiles */ = {isa = PBXBuildFile; fileRef = BBAB23BE13894E4700AA2426 /* GLUT.framework */; };
		E4328149138ABC9F0047C5CB /* openFrameworksDebug.a in Frameworks */ = {isa = PBXBuildFile; fileRef = E4328148138ABC890047C5CB /* openFrameworksDebug.a */; };
		E45BE97B0E8CC7DD009D7055 /* AGL.framework in Frameworks */ = {isa = PBXBuildFile; fileRef = E45BE9710E8CC7DD009D7055 /* AGL.framework */; };
		E45BE97C0E8CC7DD009D7055 /* ApplicationServices.framework in Frameworks */ = {isa = PBXBuildFile; fileRef = E45BE9720E8CC7DD009D7055 /* ApplicationServices.framework */; };
		E45BE97D0E8CC7DD009D7055 /* AudioToolbox.framework in Frameworks */ = {isa = PBXBuildFile; fileRef = E45BE9730E8CC7DD009D7055 /* AudioToolbox.framework */; };
		E45BE97F0E8CC7DD009D7055 /* CoreAudio.framework in Frameworks */ = {isa = PBXBuildFile; fileRef = E45BE9750E8CC7DD009D7055 /* CoreAudio.framework */; };
		E45BE9800E8CC7DD009D7055 /* CoreFoundation.framework in Frameworks */ = {isa = PBXBuildFile; fileRef = E45BE9760E8CC7DD009D7055 /* CoreFoundation.framework */; };
		E45BE9810E8CC7DD009D7055 /* CoreServices.framework in Frameworks */ = {isa = PBXBuildFile; fileRef = E45BE9770E8CC7DD009D7055 /* CoreServices.framework */; };
		E45BE9830E8CC7DD009D7055 /* OpenGL.framework in Frameworks */ = {isa = PBXBuildFile; fileRef = E45BE9790E8CC7DD009D7055 /* OpenGL.framework */; };
		E45BE9840E8CC7DD009D7055 /* QuickTime.framework in Frameworks */ = {isa = PBXBuildFile; fileRef = E45BE97A0E8CC7DD009D7055 /* QuickTime.framework */; };
		E4C2424710CC5A17004149E2 /* AppKit.framework in Frameworks */ = {isa = PBXBuildFile; fileRef = E4C2424410CC5A17004149E2 /* AppKit.framework */; };
		E4C2424810CC5A17004149E2 /* Cocoa.framework in Frameworks */ = {isa = PBXBuildFile; fileRef = E4C2424510CC5A17004149E2 /* Cocoa.framework */; };
		E4C2424910CC5A17004149E2 /* IOKit.framework in Frameworks */ = {isa = PBXBuildFile; fileRef = E4C2424610CC5A17004149E2 /* IOKit.framework */; };
		E4EB6799138ADC1D00A09F29 /* GLUT.framework in Frameworks */ = {isa = PBXBuildFile; fileRef = BBAB23BE13894E4700AA2426 /* GLUT.framework */; };
		E7E077E515D3B63C0020DFD4 /* CoreVideo.framework in Frameworks */ = {isa = PBXBuildFile; fileRef = E7E077E415D3B63C0020DFD4 /* CoreVideo.framework */; };
		E7E077E815D3B6510020DFD4 /* QTKit.framework in Frameworks */ = {isa = PBXBuildFile; fileRef = E7E077E715D3B6510020DFD4 /* QTKit.framework */; };
		E7F985F815E0DEA3003869B5 /* Accelerate.framework in Frameworks */ = {isa = PBXBuildFile; fileRef = E7F985F515E0DE99003869B5 /* Accelerate.framework */; };
/* End PBXBuildFile section */

/* Begin PBXContainerItemProxy section */
		E4328147138ABC890047C5CB /* PBXContainerItemProxy */ = {
			isa = PBXContainerItemProxy;
			containerPortal = E4328143138ABC890047C5CB /* openFrameworksLib.xcodeproj */;
			proxyType = 2;
			remoteGlobalIDString = E4B27C1510CBEB8E00536013;
			remoteInfo = openFrameworks;
		};
		E4EEB9AB138B136A00A80321 /* PBXContainerItemProxy */ = {
			isa = PBXContainerItemProxy;
			containerPortal = E4328143138ABC890047C5CB /* openFrameworksLib.xcodeproj */;
			proxyType = 1;
			remoteGlobalIDString = E4B27C1410CBEB8E00536013;
			remoteInfo = openFrameworks;
		};
/* End PBXContainerItemProxy section */

/* Begin PBXCopyFilesBuildPhase section */
		E4C2427710CC5ABF004149E2 /* CopyFiles */ = {
			isa = PBXCopyFilesBuildPhase;
			buildActionMask = 2147483647;
			dstPath = "";
			dstSubfolderSpec = 10;
			files = (
				BBAB23CB13894F3D00AA2426 /* GLUT.framework in CopyFiles */,
			);
			runOnlyForDeploymentPostprocessing = 0;
		};
/* End PBXCopyFilesBuildPhase section */

/* Begin PBXFileReference section */
		B80FFEC91C605529005BF9E8 /* MSAFluid.h */ = {isa = PBXFileReference; fileEncoding = 4; lastKnownFileType = sourcecode.c.h; path = MSAFluid.h; sourceTree = "<group>"; };
		B80FFECA1C605529005BF9E8 /* MSAFluidDrawerBase.cpp */ = {isa = PBXFileReference; fileEncoding = 4; lastKnownFileType = sourcecode.cpp.cpp; path = MSAFluidDrawerBase.cpp; sourceTree = "<group>"; };
		B80FFECB1C605529005BF9E8 /* MSAFluidDrawerBase.h */ = {isa = PBXFileReference; fileEncoding = 4; lastKnownFileType = sourcecode.c.h; path = MSAFluidDrawerBase.h; sourceTree = "<group>"; };
		B80FFECC1C605529005BF9E8 /* MSAFluidDrawerGl-Cinder.h */ = {isa = PBXFileReference; fileEncoding = 4; lastKnownFileType = sourcecode.c.h; path = "MSAFluidDrawerGl-Cinder.h"; sourceTree = "<group>"; };
		B80FFECD1C60552A005BF9E8 /* MSAFluidDrawerGl-OF.h */ = {isa = PBXFileReference; fileEncoding = 4; lastKnownFileType = sourcecode.c.h; path = "MSAFluidDrawerGl-OF.h"; sourceTree = "<group>"; };
		B80FFECE1C60552A005BF9E8 /* MSAFluidParticleUpdater.h */ = {isa = PBXFileReference; fileEncoding = 4; lastKnownFileType = sourcecode.c.h; path = MSAFluidParticleUpdater.h; sourceTree = "<group>"; };
		B80FFECF1C60552A005BF9E8 /* MSAFluidSolver.cpp */ = {isa = PBXFileReference; fileEncoding = 4; lastKnownFileType = sourcecode.cpp.cpp; path = MSAFluidSolver.cpp; sourceTree = "<group>"; };
		B80FFED01C60552A005BF9E8 /* MSAFluidSolver.h */ = {isa = PBXFileReference; fileEncoding = 4; lastKnownFileType = sourcecode.c.h; path = MSAFluidSolver.h; sourceTree = "<group>"; };
		B80FFEE21C605770005BF9E8 /* tinyxml.cpp */ = {isa = PBXFileReference; fileEncoding = 4; lastKnownFileType = sourcecode.cpp.cpp; path = tinyxml.cpp; sourceTree = "<group>"; };
		B80FFEE31C605770005BF9E8 /* tinyxml.h */ = {isa = PBXFileReference; fileEncoding = 4; lastKnownFileType = sourcecode.c.h; path = tinyxml.h; sourceTree = "<group>"; };
		B80FFEE41C605770005BF9E8 /* tinyxmlerror.cpp */ = {isa = PBXFileReference; fileEncoding = 4; lastKnownFileType = sourcecode.cpp.cpp; path = tinyxmlerror.cpp; sourceTree = "<group>"; };
		B80FFEE51C605770005BF9E8 /* tinyxmlparser.cpp */ = {isa = PBXFileReference; fileEncoding = 4; lastKnownFileType = sourcecode.cpp.cpp; path = tinyxmlparser.cpp; sourceTree = "<group>"; };
		B80FFEE71C605770005BF9E8 /* ofxXmlSettings.cpp */ = {isa = PBXFileReference; fileEncoding = 4; lastKnownFileType = sourcecode.cpp.cpp; path = ofxXmlSettings.cpp; sourceTree = "<group>"; };
		B80FFEE81C605770005BF9E8 /* ofxXmlSettings.h */ = {isa = PBXFileReference; fileEncoding = 4; lastKnownFileType = sourcecode.c.h; path = ofxXmlSettings.h; sourceTree = "<group>"; };
		B80FFEF01C60589D005BF9E8 /* ofxSimpleGuiButton.cpp */ = {isa = PBXFileReference; fileEncoding = 4; lastKnownFileType = sourcecode.cpp.cpp; path = ofxSimpleGuiButton.cpp; sourceTree = "<group>"; };
		B80FFEF11C60589D005BF9E8 /* ofxSimpleGuiButton.h */ = {isa = PBXFileReference; fileEncoding = 4; lastKnownFileType = sourcecode.c.h; path = ofxSimpleGuiButton.h; sourceTree = "<group>"; };
		B80FFEF21C60589D005BF9E8 /* ofxSimpleGuiColorPicker.cpp */ = {isa = PBXFileReference; fileEncoding = 4; lastKnownFileType = sourcecode.cpp.cpp; path = ofxSimpleGuiColorPicker.cpp; sourceTree = "<group>"; };
		B80FFEF31C60589D005BF9E8 /* ofxSimpleGuiColorPicker.h */ = {isa = PBXFileReference; fileEncoding = 4; lastKnownFileType = sourcecode.c.h; path = ofxSimpleGuiColorPicker.h; sourceTree = "<group>"; };
		B80FFEF41C60589D005BF9E8 /* ofxSimpleGuiComboBox.cpp */ = {isa = PBXFileReference; fileEncoding = 4; lastKnownFileType = sourcecode.cpp.cpp; path = ofxSimpleGuiComboBox.cpp; sourceTree = "<group>"; };
		B80FFEF51C60589D005BF9E8 /* ofxSimpleGuiComboBox.h */ = {isa = PBXFileReference; fileEncoding = 4; lastKnownFileType = sourcecode.c.h; path = ofxSimpleGuiComboBox.h; sourceTree = "<group>"; };
		B80FFEF61C60589D005BF9E8 /* ofxSimpleGuiContent.cpp */ = {isa = PBXFileReference; fileEncoding = 4; lastKnownFileType = sourcecode.cpp.cpp; path = ofxSimpleGuiContent.cpp; sourceTree = "<group>"; };
		B80FFEF71C60589D005BF9E8 /* ofxSimpleGuiContent.h */ = {isa = PBXFileReference; fileEncoding = 4; lastKnownFileType = sourcecode.c.h; path = ofxSimpleGuiContent.h; sourceTree = "<group>"; };
		B80FFEF81C60589D005BF9E8 /* ofxSimpleGuiFPSCounter.cpp */ = {isa = PBXFileReference; fileEncoding = 4; lastKnownFileType = sourcecode.cpp.cpp; path = ofxSimpleGuiFPSCounter.cpp; sourceTree = "<group>"; };
		B80FFEF91C60589D005BF9E8 /* ofxSimpleGuiFPSCounter.h */ = {isa = PBXFileReference; fileEncoding = 4; lastKnownFileType = sourcecode.c.h; path = ofxSimpleGuiFPSCounter.h; sourceTree = "<group>"; };
		B80FFEFA1C60589D005BF9E8 /* ofxSimpleGuiMovieSlider.cpp */ = {isa = PBXFileReference; fileEncoding = 4; lastKnownFileType = sourcecode.cpp.cpp; path = ofxSimpleGuiMovieSlider.cpp; sourceTree = "<group>"; };
		B80FFEFB1C60589D005BF9E8 /* ofxSimpleGuiMovieSlider.h */ = {isa = PBXFileReference; fileEncoding = 4; lastKnownFileType = sourcecode.c.h; path = ofxSimpleGuiMovieSlider.h; sourceTree = "<group>"; };
		B80FFEFC1C60589D005BF9E8 /* ofxSimpleGuiQuadWarp.cpp */ = {isa = PBXFileReference; fileEncoding = 4; lastKnownFileType = sourcecode.cpp.cpp; path = ofxSimpleGuiQuadWarp.cpp; sourceTree = "<group>"; };
		B80FFEFD1C60589D005BF9E8 /* ofxSimpleGuiQuadWarp.h */ = {isa = PBXFileReference; fileEncoding = 4; lastKnownFileType = sourcecode.c.h; path = ofxSimpleGuiQuadWarp.h; sourceTree = "<group>"; };
		B80FFEFE1C60589D005BF9E8 /* ofxSimpleGuiSlider2d.cpp */ = {isa = PBXFileReference; fileEncoding = 4; lastKnownFileType = sourcecode.cpp.cpp; path = ofxSimpleGuiSlider2d.cpp; sourceTree = "<group>"; };
		B80FFEFF1C60589D005BF9E8 /* ofxSimpleGuiSlider2d.h */ = {isa = PBXFileReference; fileEncoding = 4; lastKnownFileType = sourcecode.c.h; path = ofxSimpleGuiSlider2d.h; sourceTree = "<group>"; };
		B80FFF001C60589D005BF9E8 /* ofxSimpleGuiSliderBase.h */ = {isa = PBXFileReference; fileEncoding = 4; lastKnownFileType = sourcecode.c.h; path = ofxSimpleGuiSliderBase.h; sourceTree = "<group>"; };
		B80FFF011C60589D005BF9E8 /* ofxSimpleGuiSliderFloat.h */ = {isa = PBXFileReference; fileEncoding = 4; lastKnownFileType = sourcecode.c.h; path = ofxSimpleGuiSliderFloat.h; sourceTree = "<group>"; };
		B80FFF021C60589D005BF9E8 /* ofxSimpleGuiSliderInt.h */ = {isa = PBXFileReference; fileEncoding = 4; lastKnownFileType = sourcecode.c.h; path = ofxSimpleGuiSliderInt.h; sourceTree = "<group>"; };
		B80FFF031C60589D005BF9E8 /* ofxSimpleGuiTitle.cpp */ = {isa = PBXFileReference; fileEncoding = 4; lastKnownFileType = sourcecode.cpp.cpp; path = ofxSimpleGuiTitle.cpp; sourceTree = "<group>"; };
		B80FFF041C60589D005BF9E8 /* ofxSimpleGuiTitle.h */ = {isa = PBXFileReference; fileEncoding = 4; lastKnownFileType = sourcecode.c.h; path = ofxSimpleGuiTitle.h; sourceTree = "<group>"; };
		B80FFF051C60589D005BF9E8 /* ofxSimpleGuiToggle.cpp */ = {isa = PBXFileReference; fileEncoding = 4; lastKnownFileType = sourcecode.cpp.cpp; path = ofxSimpleGuiToggle.cpp; sourceTree = "<group>"; };
		B80FFF061C60589D005BF9E8 /* ofxSimpleGuiToggle.h */ = {isa = PBXFileReference; fileEncoding = 4; lastKnownFileType = sourcecode.c.h; path = ofxSimpleGuiToggle.h; sourceTree = "<group>"; };
		B80FFF071C60589D005BF9E8 /* ofxSimpleGuiConfig.cpp */ = {isa = PBXFileReference; fileEncoding = 4; lastKnownFileType = sourcecode.cpp.cpp; path = ofxSimpleGuiConfig.cpp; sourceTree = "<group>"; };
		B80FFF081C60589D005BF9E8 /* ofxSimpleGuiConfig.h */ = {isa = PBXFileReference; fileEncoding = 4; lastKnownFileType = sourcecode.c.h; path = ofxSimpleGuiConfig.h; sourceTree = "<group>"; };
		B80FFF091C60589D005BF9E8 /* ofxSimpleGuiControl.cpp */ = {isa = PBXFileReference; fileEncoding = 4; lastKnownFileType = sourcecode.cpp.cpp; path = ofxSimpleGuiControl.cpp; sourceTree = "<group>"; };
		B80FFF0A1C60589D005BF9E8 /* ofxSimpleGuiControl.h */ = {isa = PBXFileReference; fileEncoding = 4; lastKnownFileType = sourcecode.c.h; path = ofxSimpleGuiControl.h; sourceTree = "<group>"; };
		B80FFF0B1C60589D005BF9E8 /* ofxSimpleGuiIncludes.h */ = {isa = PBXFileReference; fileEncoding = 4; lastKnownFileType = sourcecode.c.h; path = ofxSimpleGuiIncludes.h; sourceTree = "<group>"; };
		B80FFF0C1C60589D005BF9E8 /* ofxSimpleGuiPage.cpp */ = {isa = PBXFileReference; fileEncoding = 4; lastKnownFileType = sourcecode.cpp.cpp; path = ofxSimpleGuiPage.cpp; sourceTree = "<group>"; };
		B80FFF0D1C60589D005BF9E8 /* ofxSimpleGuiPage.h */ = {isa = PBXFileReference; fileEncoding = 4; lastKnownFileType = sourcecode.c.h; path = ofxSimpleGuiPage.h; sourceTree = "<group>"; };
		B80FFF0E1C60589D005BF9E8 /* ofxSimpleGuiToo.cpp */ = {isa = PBXFileReference; fileEncoding = 4; lastKnownFileType = sourcecode.cpp.cpp; path = ofxSimpleGuiToo.cpp; sourceTree = "<group>"; };
		B80FFF0F1C60589D005BF9E8 /* ofxSimpleGuiToo.h */ = {isa = PBXFileReference; fileEncoding = 4; lastKnownFileType = sourcecode.c.h; path = ofxSimpleGuiToo.h; sourceTree = "<group>"; };
		B80FFF101C60589D005BF9E8 /* ofxSimpleGuiValueControl.cpp */ = {isa = PBXFileReference; fileEncoding = 4; lastKnownFileType = sourcecode.cpp.cpp; path = ofxSimpleGuiValueControl.cpp; sourceTree = "<group>"; };
		B80FFF111C60589D005BF9E8 /* ofxSimpleGuiValueControl.h */ = {isa = PBXFileReference; fileEncoding = 4; lastKnownFileType = sourcecode.c.h; path = ofxSimpleGuiValueControl.h; sourceTree = "<group>"; };
		B80FFF231C6058DC005BF9E8 /* ofxMSAInteractiveObject.cpp */ = {isa = PBXFileReference; fileEncoding = 4; lastKnownFileType = sourcecode.cpp.cpp; path = ofxMSAInteractiveObject.cpp; sourceTree = "<group>"; };
		B80FFF241C6058DC005BF9E8 /* ofxMSAInteractiveObject.h */ = {isa = PBXFileReference; fileEncoding = 4; lastKnownFileType = sourcecode.c.h; path = ofxMSAInteractiveObject.h; sourceTree = "<group>"; };
		B80FFF291C605AD7005BF9E8 /* ChanTraits.h */ = {isa = PBXFileReference; fileEncoding = 4; lastKnownFileType = sourcecode.c.h; path = ChanTraits.h; sourceTree = "<group>"; };
		B80FFF2A1C605AD7005BF9E8 /* CinderMath.h */ = {isa = PBXFileReference; fileEncoding = 4; lastKnownFileType = sourcecode.c.h; path = CinderMath.h; sourceTree = "<group>"; };
		B80FFF2B1C605AD7005BF9E8 /* Color.cpp */ = {isa = PBXFileReference; fileEncoding = 4; lastKnownFileType = sourcecode.cpp.cpp; path = Color.cpp; sourceTree = "<group>"; };
		B80FFF2C1C605AD7005BF9E8 /* Color.h */ = {isa = PBXFileReference; fileEncoding = 4; lastKnownFileType = sourcecode.c.h; path = Color.h; sourceTree = "<group>"; };
		B80FFF2D1C605AD7005BF9E8 /* Vector.h */ = {isa = PBXFileReference; fileEncoding = 4; lastKnownFileType = sourcecode.c.h; path = Vector.h; sourceTree = "<group>"; };
		B80FFF2E1C605AD7005BF9E8 /* MSACore-Cinder.h */ = {isa = PBXFileReference; fileEncoding = 4; lastKnownFileType = sourcecode.c.h; path = "MSACore-Cinder.h"; sourceTree = "<group>"; };
		B80FFF2F1C605AD7005BF9E8 /* MSACore-OF.h */ = {isa = PBXFileReference; fileEncoding = 4; lastKnownFileType = sourcecode.c.h; path = "MSACore-OF.h"; sourceTree = "<group>"; };
		B80FFF301C605AD7005BF9E8 /* MSACore.h */ = {isa = PBXFileReference; fileEncoding = 4; lastKnownFileType = sourcecode.c.h; path = MSACore.h; sourceTree = "<group>"; };
		B80FFF311C605AD7005BF9E8 /* MSACoreCommon.h */ = {isa = PBXFileReference; fileEncoding = 4; lastKnownFileType = sourcecode.c.h; path = MSACoreCommon.h; sourceTree = "<group>"; };
		B80FFF321C605AD7005BF9E8 /* MSACoreGL.cpp */ = {isa = PBXFileReference; fileEncoding = 4; lastKnownFileType = sourcecode.cpp.cpp; path = MSACoreGL.cpp; sourceTree = "<group>"; };
		B80FFF331C605AD7005BF9E8 /* MSACoreGL.h */ = {isa = PBXFileReference; fileEncoding = 4; lastKnownFileType = sourcecode.c.h; path = MSACoreGL.h; sourceTree = "<group>"; };
		B80FFF341C605AD7005BF9E8 /* MSACoreMath.h */ = {isa = PBXFileReference; fileEncoding = 4; lastKnownFileType = sourcecode.c.h; path = MSACoreMath.h; sourceTree = "<group>"; };
		B82F07431C719E2100E6AA54 /* main.cpp */ = {isa = PBXFileReference; fileEncoding = 4; lastKnownFileType = sourcecode.cpp.cpp; name = main.cpp; path = ../../../../addons/msalibs/MSAFluid/examples/openFrameworks/msaFluidParticles/src/main.cpp; sourceTree = "<group>"; };
		B82F07441C719E2100E6AA54 /* msaFluidParticlesApp.cpp */ = {isa = PBXFileReference; fileEncoding = 4; lastKnownFileType = sourcecode.cpp.cpp; name = msaFluidParticlesApp.cpp; path = ../../../../addons/msalibs/MSAFluid/examples/openFrameworks/msaFluidParticles/src/msaFluidParticlesApp.cpp; sourceTree = "<group>"; };
		B82F07451C719E2100E6AA54 /* msaFluidParticlesApp.h */ = {isa = PBXFileReference; fileEncoding = 4; lastKnownFileType = sourcecode.c.h; name = msaFluidParticlesApp.h; path = ../../../../addons/msalibs/MSAFluid/examples/openFrameworks/msaFluidParticles/src/msaFluidParticlesApp.h; sourceTree = "<group>"; };
		B82F07461C719E2100E6AA54 /* Particle.cpp */ = {isa = PBXFileReference; fileEncoding = 4; lastKnownFileType = sourcecode.cpp.cpp; name = Particle.cpp; path = ../../../../addons/msalibs/MSAFluid/examples/openFrameworks/msaFluidParticles/src/Particle.cpp; sourceTree = "<group>"; };
		B82F07471C719E2100E6AA54 /* Particle.h */ = {isa = PBXFileReference; fileEncoding = 4; lastKnownFileType = sourcecode.c.h; name = Particle.h; path = ../../../../addons/msalibs/MSAFluid/examples/openFrameworks/msaFluidParticles/src/Particle.h; sourceTree = "<group>"; };
		B82F07481C719E2100E6AA54 /* ParticleSystem.cpp */ = {isa = PBXFileReference; fileEncoding = 4; lastKnownFileType = sourcecode.cpp.cpp; name = ParticleSystem.cpp; path = ../../../../addons/msalibs/MSAFluid/examples/openFrameworks/msaFluidParticles/src/ParticleSystem.cpp; sourceTree = "<group>"; };
		B82F07491C719E2100E6AA54 /* ParticleSystem.h */ = {isa = PBXFileReference; fileEncoding = 4; lastKnownFileType = sourcecode.c.h; name = ParticleSystem.h; path = ../../../../addons/msalibs/MSAFluid/examples/openFrameworks/msaFluidParticles/src/ParticleSystem.h; sourceTree = "<group>"; };
		B8D5662C1C60455200BD993A /* MSACore.h */ = {isa = PBXFileReference; fileEncoding = 4; lastKnownFileType = sourcecode.c.h; name = MSACore.h; path = ../../../addons/msalibs/MSACore/src/MSACore.h; sourceTree = "<group>"; };
		B8D5662D1C6045E900BD993A /* ofAppGlutWindow.h */ = {isa = PBXFileReference; fileEncoding = 4; lastKnownFileType = sourcecode.c.h; name = ofAppGlutWindow.h; path = ../../../libs/openFrameworks/app/ofAppGlutWindow.h; sourceTree = "<group>"; };
		B8D5662E1C60462D00BD993A /* MSAOpenCL.h */ = {isa = PBXFileReference; fileEncoding = 4; lastKnownFileType = sourcecode.c.h; name = MSAOpenCL.h; path = ../../../addons/msalibs/MSAOpenCL/src/MSAOpenCL.h; sourceTree = "<group>"; };
		B8D5662F1C60464500BD993A /* MSATimer.h */ = {isa = PBXFileReference; fileEncoding = 4; lastKnownFileType = sourcecode.c.h; name = MSATimer.h; path = ../../../addons/msalibs/MSATimer/src/MSATimer.h; sourceTree = "<group>"; };
		B8D566301C6046F500BD993A /* OpenCL.framework */ = {isa = PBXFileReference; lastKnownFileType = wrapper.framework; name = OpenCL.framework; path = System/Library/Frameworks/OpenCL.framework; sourceTree = SDKROOT; };
		BBAB23BE13894E4700AA2426 /* GLUT.framework */ = {isa = PBXFileReference; lastKnownFileType = wrapper.framework; name = GLUT.framework; path = ../../../libs/glut/lib/osx/GLUT.framework; sourceTree = "<group>"; };
		E4328143138ABC890047C5CB /* openFrameworksLib.xcodeproj */ = {isa = PBXFileReference; lastKnownFileType = "wrapper.pb-project"; name = openFrameworksLib.xcodeproj; path = ../../../libs/openFrameworksCompiled/project/osx/openFrameworksLib.xcodeproj; sourceTree = SOURCE_ROOT; };
		E45BE9710E8CC7DD009D7055 /* AGL.framework */ = {isa = PBXFileReference; lastKnownFileType = wrapper.framework; name = AGL.framework; path = /System/Library/Frameworks/AGL.framework; sourceTree = "<absolute>"; };
		E45BE9720E8CC7DD009D7055 /* ApplicationServices.framework */ = {isa = PBXFileReference; lastKnownFileType = wrapper.framework; name = ApplicationServices.framework; path = /System/Library/Frameworks/ApplicationServices.framework; sourceTree = "<absolute>"; };
		E45BE9730E8CC7DD009D7055 /* AudioToolbox.framework */ = {isa = PBXFileReference; lastKnownFileType = wrapper.framework; name = AudioToolbox.framework; path = /System/Library/Frameworks/AudioToolbox.framework; sourceTree = "<absolute>"; };
		E45BE9750E8CC7DD009D7055 /* CoreAudio.framework */ = {isa = PBXFileReference; lastKnownFileType = wrapper.framework; name = CoreAudio.framework; path = /System/Library/Frameworks/CoreAudio.framework; sourceTree = "<absolute>"; };
		E45BE9760E8CC7DD009D7055 /* CoreFoundation.framework */ = {isa = PBXFileReference; lastKnownFileType = wrapper.framework; name = CoreFoundation.framework; path = /System/Library/Frameworks/CoreFoundation.framework; sourceTree = "<absolute>"; };
		E45BE9770E8CC7DD009D7055 /* CoreServices.framework */ = {isa = PBXFileReference; lastKnownFileType = wrapper.framework; name = CoreServices.framework; path = /System/Library/Frameworks/CoreServices.framework; sourceTree = "<absolute>"; };
		E45BE9790E8CC7DD009D7055 /* OpenGL.framework */ = {isa = PBXFileReference; lastKnownFileType = wrapper.framework; name = OpenGL.framework; path = /System/Library/Frameworks/OpenGL.framework; sourceTree = "<absolute>"; };
		E45BE97A0E8CC7DD009D7055 /* QuickTime.framework */ = {isa = PBXFileReference; lastKnownFileType = wrapper.framework; name = QuickTime.framework; path = /System/Library/Frameworks/QuickTime.framework; sourceTree = "<absolute>"; };
		E4B69B5B0A3A1756003C02F2 /* emptyExampleDebug.app */ = {isa = PBXFileReference; explicitFileType = wrapper.application; includeInIndex = 0; path = emptyExampleDebug.app; sourceTree = BUILT_PRODUCTS_DIR; };
		E4B6FCAD0C3E899E008CF71C /* openFrameworks-Info.plist */ = {isa = PBXFileReference; fileEncoding = 30; lastKnownFileType = text.plist.xml; path = "openFrameworks-Info.plist"; sourceTree = "<group>"; };
		E4C2424410CC5A17004149E2 /* AppKit.framework */ = {isa = PBXFileReference; lastKnownFileType = wrapper.framework; name = AppKit.framework; path = /System/Library/Frameworks/AppKit.framework; sourceTree = "<absolute>"; };
		E4C2424510CC5A17004149E2 /* Cocoa.framework */ = {isa = PBXFileReference; lastKnownFileType = wrapper.framework; name = Cocoa.framework; path = /System/Library/Frameworks/Cocoa.framework; sourceTree = "<absolute>"; };
		E4C2424610CC5A17004149E2 /* IOKit.framework */ = {isa = PBXFileReference; lastKnownFileType = wrapper.framework; name = IOKit.framework; path = /System/Library/Frameworks/IOKit.framework; sourceTree = "<absolute>"; };
		E4EB691F138AFCF100A09F29 /* CoreOF.xcconfig */ = {isa = PBXFileReference; fileEncoding = 4; lastKnownFileType = text.xcconfig; name = CoreOF.xcconfig; path = ../../../libs/openFrameworksCompiled/project/osx/CoreOF.xcconfig; sourceTree = SOURCE_ROOT; };
		E4EB6923138AFD0F00A09F29 /* Project.xcconfig */ = {isa = PBXFileReference; fileEncoding = 4; lastKnownFileType = text.xcconfig; path = Project.xcconfig; sourceTree = "<group>"; };
		E7E077E415D3B63C0020DFD4 /* CoreVideo.framework */ = {isa = PBXFileReference; lastKnownFileType = wrapper.framework; name = CoreVideo.framework; path = /System/Library/Frameworks/CoreVideo.framework; sourceTree = "<absolute>"; };
		E7E077E715D3B6510020DFD4 /* QTKit.framework */ = {isa = PBXFileReference; lastKnownFileType = wrapper.framework; name = QTKit.framework; path = /System/Library/Frameworks/QTKit.framework; sourceTree = "<absolute>"; };
		E7F985F515E0DE99003869B5 /* Accelerate.framework */ = {isa = PBXFileReference; lastKnownFileType = wrapper.framework; name = Accelerate.framework; path = /System/Library/Frameworks/Accelerate.framework; sourceTree = "<absolute>"; };
/* End PBXFileReference section */

/* Begin PBXFrameworksBuildPhase section */
		E4B69B590A3A1756003C02F2 /* Frameworks */ = {
			isa = PBXFrameworksBuildPhase;
			buildActionMask = 2147483647;
			files = (
				B8D566311C6046F500BD993A /* OpenCL.framework in Frameworks */,
				E7F985F815E0DEA3003869B5 /* Accelerate.framework in Frameworks */,
				E7E077E815D3B6510020DFD4 /* QTKit.framework in Frameworks */,
				E4EB6799138ADC1D00A09F29 /* GLUT.framework in Frameworks */,
				E4328149138ABC9F0047C5CB /* openFrameworksDebug.a in Frameworks */,
				E45BE97B0E8CC7DD009D7055 /* AGL.framework in Frameworks */,
				E45BE97C0E8CC7DD009D7055 /* ApplicationServices.framework in Frameworks */,
				E45BE97D0E8CC7DD009D7055 /* AudioToolbox.framework in Frameworks */,
				E45BE97F0E8CC7DD009D7055 /* CoreAudio.framework in Frameworks */,
				E45BE9800E8CC7DD009D7055 /* CoreFoundation.framework in Frameworks */,
				E45BE9810E8CC7DD009D7055 /* CoreServices.framework in Frameworks */,
				E45BE9830E8CC7DD009D7055 /* OpenGL.framework in Frameworks */,
				E45BE9840E8CC7DD009D7055 /* QuickTime.framework in Frameworks */,
				E4C2424710CC5A17004149E2 /* AppKit.framework in Frameworks */,
				E4C2424810CC5A17004149E2 /* Cocoa.framework in Frameworks */,
				E4C2424910CC5A17004149E2 /* IOKit.framework in Frameworks */,
				E7E077E515D3B63C0020DFD4 /* CoreVideo.framework in Frameworks */,
			);
			runOnlyForDeploymentPostprocessing = 0;
		};
/* End PBXFrameworksBuildPhase section */

/* Begin PBXGroup section */
		B80FFEC81C605529005BF9E8 /* src */ = {
			isa = PBXGroup;
			children = (
				B80FFEC91C605529005BF9E8 /* MSAFluid.h */,
				B80FFECA1C605529005BF9E8 /* MSAFluidDrawerBase.cpp */,
				B80FFECB1C605529005BF9E8 /* MSAFluidDrawerBase.h */,
				B80FFECC1C605529005BF9E8 /* MSAFluidDrawerGl-Cinder.h */,
				B80FFECD1C60552A005BF9E8 /* MSAFluidDrawerGl-OF.h */,
				B80FFECE1C60552A005BF9E8 /* MSAFluidParticleUpdater.h */,
				B80FFECF1C60552A005BF9E8 /* MSAFluidSolver.cpp */,
				B80FFED01C60552A005BF9E8 /* MSAFluidSolver.h */,
			);
			name = src;
			path = ../../../addons/msalibs/MSAFluid/src;
			sourceTree = "<group>";
		};
		B80FFED31C605542005BF9E8 /* MSAFluid */ = {
			isa = PBXGroup;
			children = (
				B80FFEC81C605529005BF9E8 /* src */,
			);
			name = MSAFluid;
			sourceTree = "<group>";
		};
		B80FFEE11C605770005BF9E8 /* libs */ = {
			isa = PBXGroup;
			children = (
				B80FFEE21C605770005BF9E8 /* tinyxml.cpp */,
				B80FFEE31C605770005BF9E8 /* tinyxml.h */,
				B80FFEE41C605770005BF9E8 /* tinyxmlerror.cpp */,
				B80FFEE51C605770005BF9E8 /* tinyxmlparser.cpp */,
			);
			name = libs;
			path = ../../../addons/ofxXmlSettings/libs;
			sourceTree = "<group>";
		};
		B80FFEE61C605770005BF9E8 /* src */ = {
			isa = PBXGroup;
			children = (
				B80FFEE71C605770005BF9E8 /* ofxXmlSettings.cpp */,
				B80FFEE81C605770005BF9E8 /* ofxXmlSettings.h */,
			);
			name = src;
			path = ../../../addons/ofxXmlSettings/src;
			sourceTree = "<group>";
		};
		B80FFEED1C605774005BF9E8 /* ofxXmlSettings */ = {
			isa = PBXGroup;
			children = (
				B80FFEE11C605770005BF9E8 /* libs */,
				B80FFEE61C605770005BF9E8 /* src */,
			);
			name = ofxXmlSettings;
			sourceTree = "<group>";
		};
		B80FFEEE1C60589D005BF9E8 /* src */ = {
			isa = PBXGroup;
			children = (
				B80FFEEF1C60589D005BF9E8 /* Controls */,
				B80FFF071C60589D005BF9E8 /* ofxSimpleGuiConfig.cpp */,
				B80FFF081C60589D005BF9E8 /* ofxSimpleGuiConfig.h */,
				B80FFF091C60589D005BF9E8 /* ofxSimpleGuiControl.cpp */,
				B80FFF0A1C60589D005BF9E8 /* ofxSimpleGuiControl.h */,
				B80FFF0B1C60589D005BF9E8 /* ofxSimpleGuiIncludes.h */,
				B80FFF0C1C60589D005BF9E8 /* ofxSimpleGuiPage.cpp */,
				B80FFF0D1C60589D005BF9E8 /* ofxSimpleGuiPage.h */,
				B80FFF0E1C60589D005BF9E8 /* ofxSimpleGuiToo.cpp */,
				B80FFF0F1C60589D005BF9E8 /* ofxSimpleGuiToo.h */,
				B80FFF101C60589D005BF9E8 /* ofxSimpleGuiValueControl.cpp */,
				B80FFF111C60589D005BF9E8 /* ofxSimpleGuiValueControl.h */,
			);
			name = src;
			path = ../../../addons/msalibs/ofxSimpleGuiToo/src;
			sourceTree = "<group>";
		};
		B80FFEEF1C60589D005BF9E8 /* Controls */ = {
			isa = PBXGroup;
			children = (
				B80FFEF01C60589D005BF9E8 /* ofxSimpleGuiButton.cpp */,
				B80FFEF11C60589D005BF9E8 /* ofxSimpleGuiButton.h */,
				B80FFEF21C60589D005BF9E8 /* ofxSimpleGuiColorPicker.cpp */,
				B80FFEF31C60589D005BF9E8 /* ofxSimpleGuiColorPicker.h */,
				B80FFEF41C60589D005BF9E8 /* ofxSimpleGuiComboBox.cpp */,
				B80FFEF51C60589D005BF9E8 /* ofxSimpleGuiComboBox.h */,
				B80FFEF61C60589D005BF9E8 /* ofxSimpleGuiContent.cpp */,
				B80FFEF71C60589D005BF9E8 /* ofxSimpleGuiContent.h */,
				B80FFEF81C60589D005BF9E8 /* ofxSimpleGuiFPSCounter.cpp */,
				B80FFEF91C60589D005BF9E8 /* ofxSimpleGuiFPSCounter.h */,
				B80FFEFA1C60589D005BF9E8 /* ofxSimpleGuiMovieSlider.cpp */,
				B80FFEFB1C60589D005BF9E8 /* ofxSimpleGuiMovieSlider.h */,
				B80FFEFC1C60589D005BF9E8 /* ofxSimpleGuiQuadWarp.cpp */,
				B80FFEFD1C60589D005BF9E8 /* ofxSimpleGuiQuadWarp.h */,
				B80FFEFE1C60589D005BF9E8 /* ofxSimpleGuiSlider2d.cpp */,
				B80FFEFF1C60589D005BF9E8 /* ofxSimpleGuiSlider2d.h */,
				B80FFF001C60589D005BF9E8 /* ofxSimpleGuiSliderBase.h */,
				B80FFF011C60589D005BF9E8 /* ofxSimpleGuiSliderFloat.h */,
				B80FFF021C60589D005BF9E8 /* ofxSimpleGuiSliderInt.h */,
				B80FFF031C60589D005BF9E8 /* ofxSimpleGuiTitle.cpp */,
				B80FFF041C60589D005BF9E8 /* ofxSimpleGuiTitle.h */,
				B80FFF051C60589D005BF9E8 /* ofxSimpleGuiToggle.cpp */,
				B80FFF061C60589D005BF9E8 /* ofxSimpleGuiToggle.h */,
			);
			path = Controls;
			sourceTree = "<group>";
		};
		B80FFF211C6058A1005BF9E8 /* ofxSimpleGuiToo */ = {
			isa = PBXGroup;
			children = (
				B80FFEEE1C60589D005BF9E8 /* src */,
			);
			name = ofxSimpleGuiToo;
			sourceTree = "<group>";
		};
		B80FFF221C6058DC005BF9E8 /* src */ = {
			isa = PBXGroup;
			children = (
				B80FFF231C6058DC005BF9E8 /* ofxMSAInteractiveObject.cpp */,
				B80FFF241C6058DC005BF9E8 /* ofxMSAInteractiveObject.h */,
			);
			name = src;
			path = ../../../addons/msalibs/ofxMSAInteractiveObject/src;
			sourceTree = "<group>";
		};
		B80FFF261C6058DF005BF9E8 /* ofxMSAInteractiveObject */ = {
			isa = PBXGroup;
			children = (
				B80FFF221C6058DC005BF9E8 /* src */,
			);
			name = ofxMSAInteractiveObject;
			sourceTree = "<group>";
		};
		B80FFF271C605AD7005BF9E8 /* src */ = {
			isa = PBXGroup;
			children = (
				B80FFF281C605AD7005BF9E8 /* cinder-lite */,
				B80FFF2E1C605AD7005BF9E8 /* MSACore-Cinder.h */,
				B80FFF2F1C605AD7005BF9E8 /* MSACore-OF.h */,
				B80FFF301C605AD7005BF9E8 /* MSACore.h */,
				B80FFF311C605AD7005BF9E8 /* MSACoreCommon.h */,
				B80FFF321C605AD7005BF9E8 /* MSACoreGL.cpp */,
				B80FFF331C605AD7005BF9E8 /* MSACoreGL.h */,
				B80FFF341C605AD7005BF9E8 /* MSACoreMath.h */,
			);
			name = src;
			path = ../../../addons/msalibs/MSACore/src;
			sourceTree = "<group>";
		};
		B80FFF281C605AD7005BF9E8 /* cinder-lite */ = {
			isa = PBXGroup;
			children = (
				B80FFF291C605AD7005BF9E8 /* ChanTraits.h */,
				B80FFF2A1C605AD7005BF9E8 /* CinderMath.h */,
				B80FFF2B1C605AD7005BF9E8 /* Color.cpp */,
				B80FFF2C1C605AD7005BF9E8 /* Color.h */,
				B80FFF2D1C605AD7005BF9E8 /* Vector.h */,
			);
			path = "cinder-lite";
			sourceTree = "<group>";
		};
		B80FFF371C605ADA005BF9E8 /* MSACore */ = {
			isa = PBXGroup;
			children = (
				B80FFF271C605AD7005BF9E8 /* src */,
			);
			name = MSACore;
			sourceTree = "<group>";
		};
		BB4B014C10F69532006C3DED /* addons */ = {
			isa = PBXGroup;
			children = (
				B80FFF371C605ADA005BF9E8 /* MSACore */,
				B80FFF261C6058DF005BF9E8 /* ofxMSAInteractiveObject */,
				B80FFF211C6058A1005BF9E8 /* ofxSimpleGuiToo */,
				B80FFEED1C605774005BF9E8 /* ofxXmlSettings */,
				B80FFED31C605542005BF9E8 /* MSAFluid */,
			);
			name = addons;
			sourceTree = "<group>";
		};
		BBAB23C913894ECA00AA2426 /* system frameworks */ = {
			isa = PBXGroup;
			children = (
				E7F985F515E0DE99003869B5 /* Accelerate.framework */,
				E4C2424410CC5A17004149E2 /* AppKit.framework */,
				E4C2424510CC5A17004149E2 /* Cocoa.framework */,
				E4C2424610CC5A17004149E2 /* IOKit.framework */,
				E45BE9710E8CC7DD009D7055 /* AGL.framework */,
				E45BE9720E8CC7DD009D7055 /* ApplicationServices.framework */,
				E45BE9730E8CC7DD009D7055 /* AudioToolbox.framework */,
				E45BE9750E8CC7DD009D7055 /* CoreAudio.framework */,
				E45BE9760E8CC7DD009D7055 /* CoreFoundation.framework */,
				E45BE9770E8CC7DD009D7055 /* CoreServices.framework */,
				E45BE9790E8CC7DD009D7055 /* OpenGL.framework */,
				E45BE97A0E8CC7DD009D7055 /* QuickTime.framework */,
				E7E077E415D3B63C0020DFD4 /* CoreVideo.framework */,
				E7E077E715D3B6510020DFD4 /* QTKit.framework */,
			);
			name = "system frameworks";
			sourceTree = "<group>";
		};
		BBAB23CA13894EDB00AA2426 /* 3rd party frameworks */ = {
			isa = PBXGroup;
			children = (
				BBAB23BE13894E4700AA2426 /* GLUT.framework */,
			);
			name = "3rd party frameworks";
			sourceTree = "<group>";
		};
		E4328144138ABC890047C5CB /* Products */ = {
			isa = PBXGroup;
			children = (
				E4328148138ABC890047C5CB /* openFrameworksDebug.a */,
			);
			name = Products;
			sourceTree = "<group>";
		};
		E45BE5980E8CC70C009D7055 /* frameworks */ = {
			isa = PBXGroup;
			children = (
				BBAB23CA13894EDB00AA2426 /* 3rd party frameworks */,
				BBAB23C913894ECA00AA2426 /* system frameworks */,
			);
			name = frameworks;
			sourceTree = "<group>";
		};
		E4B69B4A0A3A1720003C02F2 = {
			isa = PBXGroup;
			children = (
				B8D566301C6046F500BD993A /* OpenCL.framework */,
				E4B6FCAD0C3E899E008CF71C /* openFrameworks-Info.plist */,
				E4EB6923138AFD0F00A09F29 /* Project.xcconfig */,
				E4B69E1C0A3A1BDC003C02F2 /* src */,
				E4EEC9E9138DF44700A80321 /* openFrameworks */,
				BB4B014C10F69532006C3DED /* addons */,
				E45BE5980E8CC70C009D7055 /* frameworks */,
				E4B69B5B0A3A1756003C02F2 /* emptyExampleDebug.app */,
			);
			sourceTree = "<group>";
		};
		E4B69E1C0A3A1BDC003C02F2 /* src */ = {
			isa = PBXGroup;
			children = (
				B82F07431C719E2100E6AA54 /* main.cpp */,
				B82F07441C719E2100E6AA54 /* msaFluidParticlesApp.cpp */,
				B82F07451C719E2100E6AA54 /* msaFluidParticlesApp.h */,
				B82F07461C719E2100E6AA54 /* Particle.cpp */,
				B82F07471C719E2100E6AA54 /* Particle.h */,
				B82F07481C719E2100E6AA54 /* ParticleSystem.cpp */,
				B82F07491C719E2100E6AA54 /* ParticleSystem.h */,
			);
			path = src;
			sourceTree = SOURCE_ROOT;
		};
		E4EEC9E9138DF44700A80321 /* openFrameworks */ = {
			isa = PBXGroup;
			children = (
				B8D5662F1C60464500BD993A /* MSATimer.h */,
				B8D5662E1C60462D00BD993A /* MSAOpenCL.h */,
				B8D5662D1C6045E900BD993A /* ofAppGlutWindow.h */,
				B8D5662C1C60455200BD993A /* MSACore.h */,
				E4EB691F138AFCF100A09F29 /* CoreOF.xcconfig */,
				E4328143138ABC890047C5CB /* openFrameworksLib.xcodeproj */,
			);
			name = openFrameworks;
			sourceTree = "<group>";
		};
/* End PBXGroup section */

/* Begin PBXNativeTarget section */
		E4B69B5A0A3A1756003C02F2 /* emptyExample */ = {
			isa = PBXNativeTarget;
			buildConfigurationList = E4B69B5F0A3A1757003C02F2 /* Build configuration list for PBXNativeTarget "emptyExample" */;
			buildPhases = (
				E4B69B580A3A1756003C02F2 /* Sources */,
				E4B69B590A3A1756003C02F2 /* Frameworks */,
				E4B6FFFD0C3F9AB9008CF71C /* ShellScript */,
				E4C2427710CC5ABF004149E2 /* CopyFiles */,
			);
			buildRules = (
			);
			dependencies = (
				E4EEB9AC138B136A00A80321 /* PBXTargetDependency */,
			);
			name = emptyExample;
			productName = myOFApp;
			productReference = E4B69B5B0A3A1756003C02F2 /* emptyExampleDebug.app */;
			productType = "com.apple.product-type.application";
		};
/* End PBXNativeTarget section */

/* Begin PBXProject section */
		E4B69B4C0A3A1720003C02F2 /* Project object */ = {
			isa = PBXProject;
			attributes = {
				LastUpgradeCheck = 0460;
			};
			buildConfigurationList = E4B69B4D0A3A1720003C02F2 /* Build configuration list for PBXProject "firstMSAFluid" */;
			compatibilityVersion = "Xcode 3.2";
			developmentRegion = English;
			hasScannedForEncodings = 0;
			knownRegions = (
				English,
				Japanese,
				French,
				German,
			);
			mainGroup = E4B69B4A0A3A1720003C02F2;
			productRefGroup = E4B69B4A0A3A1720003C02F2;
			projectDirPath = "";
			projectReferences = (
				{
					ProductGroup = E4328144138ABC890047C5CB /* Products */;
					ProjectRef = E4328143138ABC890047C5CB /* openFrameworksLib.xcodeproj */;
				},
			);
			projectRoot = "";
			targets = (
				E4B69B5A0A3A1756003C02F2 /* emptyExample */,
			);
		};
/* End PBXProject section */

/* Begin PBXReferenceProxy section */
		E4328148138ABC890047C5CB /* openFrameworksDebug.a */ = {
			isa = PBXReferenceProxy;
			fileType = archive.ar;
			path = openFrameworksDebug.a;
			remoteRef = E4328147138ABC890047C5CB /* PBXContainerItemProxy */;
			sourceTree = BUILT_PRODUCTS_DIR;
		};
/* End PBXReferenceProxy section */

/* Begin PBXShellScriptBuildPhase section */
		E4B6FFFD0C3F9AB9008CF71C /* ShellScript */ = {
			isa = PBXShellScriptBuildPhase;
			buildActionMask = 2147483647;
			files = (
			);
			inputPaths = (
			);
			outputPaths = (
			);
			runOnlyForDeploymentPostprocessing = 0;
			shellPath = /bin/sh;
			shellScript = "cp -f ../../../libs/fmodex/lib/osx/libfmodex.dylib \"$TARGET_BUILD_DIR/$PRODUCT_NAME.app/Contents/MacOS/libfmodex.dylib\"; install_name_tool -change ./libfmodex.dylib @executable_path/libfmodex.dylib \"$TARGET_BUILD_DIR/$PRODUCT_NAME.app/Contents/MacOS/$PRODUCT_NAME\";\nmkdir -p \"$TARGET_BUILD_DIR/$PRODUCT_NAME.app/Contents/Resources/\"\ncp -f \"$ICON_FILE\" \"$TARGET_BUILD_DIR/$PRODUCT_NAME.app/Contents/Resources/\"\n";
		};
/* End PBXShellScriptBuildPhase section */

/* Begin PBXSourcesBuildPhase section */
		E4B69B580A3A1756003C02F2 /* Sources */ = {
			isa = PBXSourcesBuildPhase;
			buildActionMask = 2147483647;
			files = (
				B80FFEEA1C605770005BF9E8 /* tinyxmlerror.cpp in Sources */,
				B80FFEEB1C605770005BF9E8 /* tinyxmlparser.cpp in Sources */,
				B80FFF1F1C60589D005BF9E8 /* ofxSimpleGuiToo.cpp in Sources */,
				B80FFF1C1C60589D005BF9E8 /* ofxSimpleGuiConfig.cpp in Sources */,
				B80FFF181C60589D005BF9E8 /* ofxSimpleGuiQuadWarp.cpp in Sources */,
				B80FFF1E1C60589D005BF9E8 /* ofxSimpleGuiPage.cpp in Sources */,
				B80FFF161C60589D005BF9E8 /* ofxSimpleGuiFPSCounter.cpp in Sources */,
				B80FFED11C60552A005BF9E8 /* MSAFluidDrawerBase.cpp in Sources */,
				B82F074B1C719E2100E6AA54 /* msaFluidParticlesApp.cpp in Sources */,
				B80FFF151C60589D005BF9E8 /* ofxSimpleGuiContent.cpp in Sources */,
				B82F074C1C719E2100E6AA54 /* Particle.cpp in Sources */,
				B80FFF361C605AD7005BF9E8 /* MSACoreGL.cpp in Sources */,
				B80FFF141C60589D005BF9E8 /* ofxSimpleGuiComboBox.cpp in Sources */,
				B80FFED21C60552A005BF9E8 /* MSAFluidSolver.cpp in Sources */,
				B80FFF1A1C60589D005BF9E8 /* ofxSimpleGuiTitle.cpp in Sources */,
				B80FFF201C60589D005BF9E8 /* ofxSimpleGuiValueControl.cpp in Sources */,
				B82F074D1C719E2100E6AA54 /* ParticleSystem.cpp in Sources */,
				B80FFF191C60589D005BF9E8 /* ofxSimpleGuiSlider2d.cpp in Sources */,
				B80FFF351C605AD7005BF9E8 /* Color.cpp in Sources */,
				B80FFEE91C605770005BF9E8 /* tinyxml.cpp in Sources */,
				B80FFF1B1C60589D005BF9E8 /* ofxSimpleGuiToggle.cpp in Sources */,
				B82F074A1C719E2100E6AA54 /* main.cpp in Sources */,
				B80FFF171C60589D005BF9E8 /* ofxSimpleGuiMovieSlider.cpp in Sources */,
				B80FFEEC1C605770005BF9E8 /* ofxXmlSettings.cpp in Sources */,
				B80FFF131C60589D005BF9E8 /* ofxSimpleGuiColorPicker.cpp in Sources */,
				B80FFF1D1C60589D005BF9E8 /* ofxSimpleGuiControl.cpp in Sources */,
				B80FFF121C60589D005BF9E8 /* ofxSimpleGuiButton.cpp in Sources */,
				B80FFF251C6058DC005BF9E8 /* ofxMSAInteractiveObject.cpp in Sources */,
			);
			runOnlyForDeploymentPostprocessing = 0;
		};
/* End PBXSourcesBuildPhase section */

/* Begin PBXTargetDependency section */
		E4EEB9AC138B136A00A80321 /* PBXTargetDependency */ = {
			isa = PBXTargetDependency;
			name = openFrameworks;
			targetProxy = E4EEB9AB138B136A00A80321 /* PBXContainerItemProxy */;
		};
/* End PBXTargetDependency section */

/* Begin XCBuildConfiguration section */
		E4B69B4E0A3A1720003C02F2 /* Debug */ = {
			isa = XCBuildConfiguration;
			baseConfigurationReference = E4EB6923138AFD0F00A09F29 /* Project.xcconfig */;
			buildSettings = {
				ARCHS = "$(NATIVE_ARCH)";
				CONFIGURATION_BUILD_DIR = "$(SRCROOT)/bin/";
				COPY_PHASE_STRIP = NO;
				DEAD_CODE_STRIPPING = YES;
				GCC_AUTO_VECTORIZATION = YES;
				GCC_ENABLE_SSE3_EXTENSIONS = YES;
				GCC_ENABLE_SUPPLEMENTAL_SSE3_INSTRUCTIONS = YES;
				GCC_INLINES_ARE_PRIVATE_EXTERN = NO;
				GCC_OPTIMIZATION_LEVEL = 0;
				GCC_SYMBOLS_PRIVATE_EXTERN = NO;
				GCC_WARN_ABOUT_DEPRECATED_FUNCTIONS = YES;
				GCC_WARN_ABOUT_INVALID_OFFSETOF_MACRO = NO;
				GCC_WARN_ALLOW_INCOMPLETE_PROTOCOL = NO;
				GCC_WARN_UNINITIALIZED_AUTOS = NO;
				GCC_WARN_UNUSED_VALUE = NO;
				GCC_WARN_UNUSED_VARIABLE = NO;
				HEADER_SEARCH_PATHS = (
					"$(OF_CORE_HEADERS)",
					src,
				);
				MACOSX_DEPLOYMENT_TARGET = 10.6;
				OTHER_CPLUSPLUSFLAGS = (
					"-D__MACOSX_CORE__",
					"-lpthread",
					"-mtune=native",
				);
				SDKROOT = macosx;
			};
			name = Debug;
		};
		E4B69B4F0A3A1720003C02F2 /* Release */ = {
			isa = XCBuildConfiguration;
			baseConfigurationReference = E4EB6923138AFD0F00A09F29 /* Project.xcconfig */;
			buildSettings = {
				ARCHS = "$(NATIVE_ARCH)";
				CONFIGURATION_BUILD_DIR = "$(SRCROOT)/bin/";
				COPY_PHASE_STRIP = YES;
				DEAD_CODE_STRIPPING = YES;
				GCC_AUTO_VECTORIZATION = YES;
				GCC_ENABLE_SSE3_EXTENSIONS = YES;
				GCC_ENABLE_SUPPLEMENTAL_SSE3_INSTRUCTIONS = YES;
				GCC_INLINES_ARE_PRIVATE_EXTERN = NO;
				GCC_OPTIMIZATION_LEVEL = 3;
				GCC_SYMBOLS_PRIVATE_EXTERN = NO;
				GCC_UNROLL_LOOPS = YES;
				GCC_WARN_ABOUT_DEPRECATED_FUNCTIONS = YES;
				GCC_WARN_ABOUT_INVALID_OFFSETOF_MACRO = NO;
				GCC_WARN_ALLOW_INCOMPLETE_PROTOCOL = NO;
				GCC_WARN_UNINITIALIZED_AUTOS = NO;
				GCC_WARN_UNUSED_VALUE = NO;
				GCC_WARN_UNUSED_VARIABLE = NO;
				HEADER_SEARCH_PATHS = (
					"$(OF_CORE_HEADERS)",
					src,
				);
				MACOSX_DEPLOYMENT_TARGET = 10.6;
				OTHER_CPLUSPLUSFLAGS = (
					"-D__MACOSX_CORE__",
					"-lpthread",
					"-mtune=native",
				);
				SDKROOT = macosx;
			};
			name = Release;
		};
		E4B69B600A3A1757003C02F2 /* Debug */ = {
			isa = XCBuildConfiguration;
			buildSettings = {
				COMBINE_HIDPI_IMAGES = YES;
				COPY_PHASE_STRIP = NO;
				FRAMEWORK_SEARCH_PATHS = (
					"$(inherited)",
					"$(FRAMEWORK_SEARCH_PATHS_QUOTED_FOR_TARGET_1)",
				);
				FRAMEWORK_SEARCH_PATHS_QUOTED_FOR_TARGET_1 = "\"$(SRCROOT)/../../../libs/glut/lib/osx\"";
				GCC_DYNAMIC_NO_PIC = NO;
				GCC_GENERATE_DEBUGGING_SYMBOLS = YES;
				GCC_MODEL_TUNING = NONE;
				ICON = "$(ICON_NAME_DEBUG)";
				ICON_FILE = "$(ICON_FILE_PATH)$(ICON)";
				INFOPLIST_FILE = "openFrameworks-Info.plist";
				INSTALL_PATH = "$(HOME)/Applications";
				LIBRARY_SEARCH_PATHS = (
					"$(inherited)",
					"$(LIBRARY_SEARCH_PATHS_QUOTED_FOR_TARGET_1)",
					"$(LIBRARY_SEARCH_PATHS_QUOTED_FOR_TARGET_2)",
					"$(LIBRARY_SEARCH_PATHS_QUOTED_FOR_TARGET_3)",
					"$(LIBRARY_SEARCH_PATHS_QUOTED_FOR_TARGET_4)",
					"$(LIBRARY_SEARCH_PATHS_QUOTED_FOR_TARGET_5)",
					"$(LIBRARY_SEARCH_PATHS_QUOTED_FOR_TARGET_6)",
					"$(LIBRARY_SEARCH_PATHS_QUOTED_FOR_TARGET_7)",
					"$(LIBRARY_SEARCH_PATHS_QUOTED_FOR_TARGET_8)",
					"$(LIBRARY_SEARCH_PATHS_QUOTED_FOR_TARGET_9)",
					"$(LIBRARY_SEARCH_PATHS_QUOTED_FOR_TARGET_10)",
					"$(LIBRARY_SEARCH_PATHS_QUOTED_FOR_TARGET_11)",
					"$(LIBRARY_SEARCH_PATHS_QUOTED_FOR_TARGET_12)",
					"$(LIBRARY_SEARCH_PATHS_QUOTED_FOR_TARGET_13)",
					"$(LIBRARY_SEARCH_PATHS_QUOTED_FOR_TARGET_14)",
					"$(LIBRARY_SEARCH_PATHS_QUOTED_FOR_TARGET_15)",
					"$(LIBRARY_SEARCH_PATHS_QUOTED_FOR_TARGET_2)",
					"$(LIBRARY_SEARCH_PATHS_QUOTED_FOR_TARGET_3)",
					"$(LIBRARY_SEARCH_PATHS_QUOTED_FOR_TARGET_7)",
					"$(LIBRARY_SEARCH_PATHS_QUOTED_FOR_TARGET_8)",
					"$(LIBRARY_SEARCH_PATHS_QUOTED_FOR_TARGET_9)",
					"$(LIBRARY_SEARCH_PATHS_QUOTED_FOR_TARGET_10)",
					"$(LIBRARY_SEARCH_PATHS_QUOTED_FOR_TARGET_11)",
					"$(LIBRARY_SEARCH_PATHS_QUOTED_FOR_TARGET_12)",
					"$(LIBRARY_SEARCH_PATHS_QUOTED_FOR_TARGET_13)",
					"$(LIBRARY_SEARCH_PATHS_QUOTED_FOR_TARGET_16)",
					"$(LIBRARY_SEARCH_PATHS_QUOTED_FOR_TARGET_17)",
					"$(LIBRARY_SEARCH_PATHS_QUOTED_FOR_TARGET_18)",
					"$(LIBRARY_SEARCH_PATHS_QUOTED_FOR_TARGET_19)",
					"$(LIBRARY_SEARCH_PATHS_QUOTED_FOR_TARGET_20)",
					"$(LIBRARY_SEARCH_PATHS_QUOTED_FOR_TARGET_21)",
					"$(LIBRARY_SEARCH_PATHS_QUOTED_FOR_TARGET_22)",
					"$(LIBRARY_SEARCH_PATHS_QUOTED_FOR_TARGET_23)",
					"$(LIBRARY_SEARCH_PATHS_QUOTED_FOR_TARGET_24)",
					"$(LIBRARY_SEARCH_PATHS_QUOTED_FOR_TARGET_25)",
					"$(LIBRARY_SEARCH_PATHS_QUOTED_FOR_TARGET_26)",
					"$(LIBRARY_SEARCH_PATHS_QUOTED_FOR_TARGET_27)",
					"$(LIBRARY_SEARCH_PATHS_QUOTED_FOR_TARGET_28)",
					"$(LIBRARY_SEARCH_PATHS_QUOTED_FOR_TARGET_29)",
					"$(LIBRARY_SEARCH_PATHS_QUOTED_FOR_TARGET_30)",
					"$(LIBRARY_SEARCH_PATHS_QUOTED_FOR_TARGET_31)",
					"$(LIBRARY_SEARCH_PATHS_QUOTED_FOR_TARGET_32)",
					"$(LIBRARY_SEARCH_PATHS_QUOTED_FOR_TARGET_33)",
					"$(LIBRARY_SEARCH_PATHS_QUOTED_FOR_TARGET_34)",
					"$(LIBRARY_SEARCH_PATHS_QUOTED_FOR_TARGET_35)",
					"$(LIBRARY_SEARCH_PATHS_QUOTED_FOR_TARGET_36)",
					"$(LIBRARY_SEARCH_PATHS_QUOTED_FOR_TARGET_37)",
					"$(LIBRARY_SEARCH_PATHS_QUOTED_FOR_TARGET_38)",
					"$(LIBRARY_SEARCH_PATHS_QUOTED_FOR_TARGET_39)",
					"$(LIBRARY_SEARCH_PATHS_QUOTED_FOR_TARGET_40)",
					"$(LIBRARY_SEARCH_PATHS_QUOTED_FOR_TARGET_41)",
					"$(LIBRARY_SEARCH_PATHS_QUOTED_FOR_TARGET_42)",
					"$(LIBRARY_SEARCH_PATHS_QUOTED_FOR_TARGET_43)",
					"$(LIBRARY_SEARCH_PATHS_QUOTED_FOR_TARGET_44)",
					"$(LIBRARY_SEARCH_PATHS_QUOTED_FOR_TARGET_45)",
					"$(LIBRARY_SEARCH_PATHS_QUOTED_FOR_TARGET_46)",
					"$(LIBRARY_SEARCH_PATHS_QUOTED_FOR_TARGET_47)",
					"$(LIBRARY_SEARCH_PATHS_QUOTED_FOR_TARGET_48)",
					"$(LIBRARY_SEARCH_PATHS_QUOTED_FOR_TARGET_49)",
					"$(LIBRARY_SEARCH_PATHS_QUOTED_FOR_TARGET_50)",
					"$(LIBRARY_SEARCH_PATHS_QUOTED_FOR_TARGET_51)",
					"$(LIBRARY_SEARCH_PATHS_QUOTED_FOR_TARGET_52)",
				);
				PRODUCT_NAME = "$(TARGET_NAME)Debug";
				WRAPPER_EXTENSION = app;
			};
			name = Debug;
		};
		E4B69B610A3A1757003C02F2 /* Release */ = {
			isa = XCBuildConfiguration;
			buildSettings = {
				COMBINE_HIDPI_IMAGES = YES;
				COPY_PHASE_STRIP = YES;
				FRAMEWORK_SEARCH_PATHS = (
					"$(inherited)",
					"$(FRAMEWORK_SEARCH_PATHS_QUOTED_FOR_TARGET_1)",
				);
				FRAMEWORK_SEARCH_PATHS_QUOTED_FOR_TARGET_1 = "\"$(SRCROOT)/../../../libs/glut/lib/osx\"";
				GCC_GENERATE_DEBUGGING_SYMBOLS = YES;
				GCC_MODEL_TUNING = NONE;
				ICON = "$(ICON_NAME_RELEASE)";
				ICON_FILE = "$(ICON_FILE_PATH)$(ICON)";
				INFOPLIST_FILE = "openFrameworks-Info.plist";
				INSTALL_PATH = "$(HOME)/Applications";
				LIBRARY_SEARCH_PATHS = (
					"$(inherited)",
					"$(LIBRARY_SEARCH_PATHS_QUOTED_FOR_TARGET_1)",
					"$(LIBRARY_SEARCH_PATHS_QUOTED_FOR_TARGET_2)",
					"$(LIBRARY_SEARCH_PATHS_QUOTED_FOR_TARGET_3)",
					"$(LIBRARY_SEARCH_PATHS_QUOTED_FOR_TARGET_4)",
					"$(LIBRARY_SEARCH_PATHS_QUOTED_FOR_TARGET_5)",
					"$(LIBRARY_SEARCH_PATHS_QUOTED_FOR_TARGET_6)",
					"$(LIBRARY_SEARCH_PATHS_QUOTED_FOR_TARGET_7)",
					"$(LIBRARY_SEARCH_PATHS_QUOTED_FOR_TARGET_8)",
					"$(LIBRARY_SEARCH_PATHS_QUOTED_FOR_TARGET_9)",
					"$(LIBRARY_SEARCH_PATHS_QUOTED_FOR_TARGET_10)",
					"$(LIBRARY_SEARCH_PATHS_QUOTED_FOR_TARGET_11)",
					"$(LIBRARY_SEARCH_PATHS_QUOTED_FOR_TARGET_12)",
					"$(LIBRARY_SEARCH_PATHS_QUOTED_FOR_TARGET_13)",
					"$(LIBRARY_SEARCH_PATHS_QUOTED_FOR_TARGET_14)",
					"$(LIBRARY_SEARCH_PATHS_QUOTED_FOR_TARGET_15)",
					"$(LIBRARY_SEARCH_PATHS_QUOTED_FOR_TARGET_2)",
					"$(LIBRARY_SEARCH_PATHS_QUOTED_1)",
					"$(LIBRARY_SEARCH_PATHS_QUOTED_FOR_TARGET_3)",
					"$(LIBRARY_SEARCH_PATHS_QUOTED_FOR_TARGET_7)",
					"$(LIBRARY_SEARCH_PATHS_QUOTED_FOR_TARGET_8)",
					"$(LIBRARY_SEARCH_PATHS_QUOTED_FOR_TARGET_9)",
					"$(LIBRARY_SEARCH_PATHS_QUOTED_FOR_TARGET_10)",
					"$(LIBRARY_SEARCH_PATHS_QUOTED_FOR_TARGET_11)",
					"$(LIBRARY_SEARCH_PATHS_QUOTED_FOR_TARGET_12)",
					"$(LIBRARY_SEARCH_PATHS_QUOTED_FOR_TARGET_13)",
					"$(LIBRARY_SEARCH_PATHS_QUOTED_FOR_TARGET_16)",
					"$(LIBRARY_SEARCH_PATHS_QUOTED_FOR_TARGET_17)",
					"$(LIBRARY_SEARCH_PATHS_QUOTED_FOR_TARGET_18)",
					"$(LIBRARY_SEARCH_PATHS_QUOTED_FOR_TARGET_19)",
					"$(LIBRARY_SEARCH_PATHS_QUOTED_FOR_TARGET_20)",
					"$(LIBRARY_SEARCH_PATHS_QUOTED_FOR_TARGET_21)",
					"$(LIBRARY_SEARCH_PATHS_QUOTED_FOR_TARGET_22)",
					"$(LIBRARY_SEARCH_PATHS_QUOTED_FOR_TARGET_23)",
					"$(LIBRARY_SEARCH_PATHS_QUOTED_FOR_TARGET_24)",
					"$(LIBRARY_SEARCH_PATHS_QUOTED_FOR_TARGET_25)",
					"$(LIBRARY_SEARCH_PATHS_QUOTED_FOR_TARGET_26)",
					"$(LIBRARY_SEARCH_PATHS_QUOTED_FOR_TARGET_27)",
					"$(LIBRARY_SEARCH_PATHS_QUOTED_FOR_TARGET_28)",
					"$(LIBRARY_SEARCH_PATHS_QUOTED_FOR_TARGET_29)",
					"$(LIBRARY_SEARCH_PATHS_QUOTED_FOR_TARGET_30)",
					"$(LIBRARY_SEARCH_PATHS_QUOTED_FOR_TARGET_31)",
					"$(LIBRARY_SEARCH_PATHS_QUOTED_FOR_TARGET_32)",
					"$(LIBRARY_SEARCH_PATHS_QUOTED_FOR_TARGET_33)",
					"$(LIBRARY_SEARCH_PATHS_QUOTED_FOR_TARGET_34)",
					"$(LIBRARY_SEARCH_PATHS_QUOTED_FOR_TARGET_35)",
					"$(LIBRARY_SEARCH_PATHS_QUOTED_FOR_TARGET_36)",
					"$(LIBRARY_SEARCH_PATHS_QUOTED_FOR_TARGET_37)",
					"$(LIBRARY_SEARCH_PATHS_QUOTED_FOR_TARGET_38)",
					"$(LIBRARY_SEARCH_PATHS_QUOTED_FOR_TARGET_39)",
					"$(LIBRARY_SEARCH_PATHS_QUOTED_FOR_TARGET_40)",
					"$(LIBRARY_SEARCH_PATHS_QUOTED_FOR_TARGET_41)",
					"$(LIBRARY_SEARCH_PATHS_QUOTED_FOR_TARGET_42)",
					"$(LIBRARY_SEARCH_PATHS_QUOTED_FOR_TARGET_43)",
					"$(LIBRARY_SEARCH_PATHS_QUOTED_FOR_TARGET_44)",
					"$(LIBRARY_SEARCH_PATHS_QUOTED_FOR_TARGET_45)",
					"$(LIBRARY_SEARCH_PATHS_QUOTED_FOR_TARGET_46)",
					"$(LIBRARY_SEARCH_PATHS_QUOTED_FOR_TARGET_47)",
					"$(LIBRARY_SEARCH_PATHS_QUOTED_FOR_TARGET_48)",
					"$(LIBRARY_SEARCH_PATHS_QUOTED_FOR_TARGET_49)",
					"$(LIBRARY_SEARCH_PATHS_QUOTED_FOR_TARGET_50)",
					"$(LIBRARY_SEARCH_PATHS_QUOTED_FOR_TARGET_51)",
				);
				PRODUCT_NAME = "$(TARGET_NAME)";
				WRAPPER_EXTENSION = app;
			};
			name = Release;
		};
/* End XCBuildConfiguration section */

/* Begin XCConfigurationList section */
		E4B69B4D0A3A1720003C02F2 /* Build configuration list for PBXProject "firstMSAFluid" */ = {
			isa = XCConfigurationList;
			buildConfigurations = (
				E4B69B4E0A3A1720003C02F2 /* Debug */,
				E4B69B4F0A3A1720003C02F2 /* Release */,
			);
			defaultConfigurationIsVisible = 0;
			defaultConfigurationName = Release;
		};
		E4B69B5F0A3A1757003C02F2 /* Build configuration list for PBXNativeTarget "emptyExample" */ = {
			isa = XCConfigurationList;
			buildConfigurations = (
				E4B69B600A3A1757003C02F2 /* Debug */,
				E4B69B610A3A1757003C02F2 /* Release */,
			);
			defaultConfigurationIsVisible = 0;
			defaultConfigurationName = Release;
		};
/* End XCConfigurationList section */
	};
	rootObject = E4B69B4C0A3A1720003C02F2 /* Project object */;
}
